# This file is generated by running "yarn install" inside your project.
# Manual changes might be lost - proceed with caution!

__metadata:
  version: 4
  cacheKey: 7

"@types/emscripten@npm:^1.38.0":
  version: 1.39.4
  resolution: "@types/emscripten@npm:1.39.4"
  checksum: b848421e2597a0ce56b74c6427f843cfd8f26dec8eaaa1929317e9417bc06eaa934057c317cbb561ade2f5462b6906e37868608211e09f9f507dca62066795a8
  languageName: node
  linkType: hard

"@yarnpkg/fslib@npm:~2.3.0":
  version: 2.3.0
  resolution: "@yarnpkg/fslib@npm:2.3.0"
  dependencies:
    "@yarnpkg/libzip": ^2.2.1
    tslib: ^1.13.0
  checksum: 0969bd6b12cb5668f4c544aea080ed13c6196a4954efcddbcbf5629048b69e38e77ad705f20389cbd3ac201ba55ee0fc6aedb844f0bff20b850085c2b85fa2c3
  languageName: node
  linkType: hard

"@yarnpkg/libzip@npm:^2.2.1, @yarnpkg/libzip@npm:~2.2.1":
  version: 2.2.1
  resolution: "@yarnpkg/libzip@npm:2.2.1"
  dependencies:
    "@types/emscripten": ^1.38.0
    tslib: ^1.13.0
  checksum: 75813c2dbed76fd81aa7ba04f592888c45c58334c901edf3782105baa9b11e084473db5a3da678626509a7de3196e5297c0a790424e86d6976e916502b576c81
  languageName: node
  linkType: hard

"esbuild-plugin-pnp@workspace:.":
  version: 0.0.0-use.local
  resolution: "esbuild-plugin-pnp@workspace:."
  dependencies:
    "@yarnpkg/fslib": ~2.3.0
    "@yarnpkg/libzip": ~2.2.1
    esbuild: 0.8.1
  peerDependencies:
    esbuild: ">0.8.1"
  languageName: unknown
  linkType: soft

"esbuild@npm:0.8.1":
  version: 0.8.1
  resolution: "esbuild@npm:0.8.1"
  bin:
    esbuild: bin/esbuild
  checksum: 8dc60e5a59648bad37bc02c088ebc511be330721b3314a5d703ffa4c9a40cb66443ea9191a9ecea691adb5ab1a5b284f4fa8884ed222b7c0a3dcecf7dca549d6
  languageName: node
  linkType: hard

"tslib@npm:^1.13.0":
  version: 1.14.1
  resolution: "tslib@npm:1.14.1"
  checksum: f44fe7f216946b17d3e3074df3746372703cf24e9127b4c045511456e8e4bf25515fb0a1bb3937676cc305651c5d4fcb6377b0588a4c6a957e748c4c28905d17
  languageName: node
  linkType: hard
